
Microsoft Visual Studio Solution File, Format Version 12.00
# Visual Studio Version 16
VisualStudioVersion = 16.0.30204.135
MinimumVisualStudioVersion = 10.0.40219.1
Project("{FAE04EC0-301F-11D3-BF4B-00C04F79EFBC}") = "Micros Toolbox", "Micros Toolbox\Micros Toolbox.csproj", "{D27DFE01-EEAA-4AB6-96DF-61FC913DAF25}"
EndProject
Global
	GlobalSection(SolutionConfigurationPlatforms) = preSolution
		Debug|Any CPU = Debug|Any CPU
		Release|Any CPU = Release|Any CPU
	EndGlobalSection
	GlobalSection(ProjectConfigurationPlatforms) = postSolution
		{D27DFE01-EEAA-4AB6-96DF-61FC913DAF25}.Debug|Any CPU.ActiveCfg = Debug|Any CPU
		{D27DFE01-EEAA-4AB6-96DF-61FC913DAF25}.Debug|Any CPU.Build.0 = Debug|Any CPU
		{D27DFE01-EEAA-4AB6-96DF-61FC913DAF25}.Release|Any CPU.ActiveCfg = Release|Any CPU
		{D27DFE01-EEAA-4AB6-96DF-61FC913DAF25}.Release|Any CPU.Build.0 = Release|Any CPU
	EndGlobalSection
	GlobalSection(SolutionProperties) = preSolution
		HideSolutionNode = FALSE
	EndGlobalSection
	GlobalSection(ExtensibilityGlobals) = postSolution
		SolutionGuid = {AAB6FFB4-EDC9-47E9-9139-68E10828E7EA}
	EndGlobalSection
EndGlobal
